<?xml version="1.0" encoding="utf-8"?>
<Project ToolsVersion="4.0" xmlns="http://schemas.microsoft.com/developer/msbuild/2003">
  <ItemGroup>
    <ClCompile Include="include\glad\glad.c" />
    <ClCompile Include="src\Camera.cpp" />
    <ClCompile Include="src\Game.cpp" />
    <ClCompile Include="src\GameObject.cpp" />
    <ClCompile Include="src\Log.cpp" />
    <ClCompile Include="src\Material.cpp" />
    <ClCompile Include="src\Mesh.cpp" />
    <ClCompile Include="src\ObjLoader.cpp" />
    <ClCompile Include="src\Shader.cpp" />
    <ClCompile Include="src\testmain.cpp" />
    <ClCompile Include="src\Texture.cpp" />
    <ClCompile Include="src\Character.cpp" />
    <ClCompile Include="src\Window.cpp" />
    <ClCompile Include="src\AudioEngine.cpp" />
  </ItemGroup>
  <ItemGroup>
    <ClInclude Include="include\glad\glad.h" />
    <ClInclude Include="include\GLFW\glfw3.h" />
    <ClInclude Include="include\GLFW\glfw3native.h" />
    <ClInclude Include="include\KHR\khrplatform.h" />
    <ClInclude Include="src\Camera.h" />
    <ClInclude Include="src\Character.h" />
    <ClInclude Include="src\Game.h" />
    <ClInclude Include="src\GameObject.h" />
    <ClInclude Include="src\Controls.h" />
    <ClInclude Include="src\Log.h" />
    <ClInclude Include="src\Material.h" />
    <ClInclude Include="src\Mesh.h" />
    <ClInclude Include="src\MeshRenderer.h" />
    <ClInclude Include="src\ObjLoader.h" />
    <ClInclude Include="src\Shader.h" />
    <ClInclude Include="src\Texture.h" />
    <ClInclude Include="src\Utils.h" />
    <ClInclude Include="src\Window.h" />
    <ClInclude Include="src\Texture.h" />
    <ClInclude Include="src\Character.h" />
    <ClInclude Include="src\Controls.h" />
    <ClInclude Include="src\Math.h" />
    <ClInclude Include="include\fmod\fmod.h" />
    <ClInclude Include="include\fmod\fmod.hpp" />
    <ClInclude Include="include\fmod\fmod_codec.h" />
    <ClInclude Include="include\fmod\fmod_common.h" />
    <ClInclude Include="include\fmod\fmod_dsp.h" />
    <ClInclude Include="include\fmod\fmod_dsp_effects.h" />
    <ClInclude Include="include\fmod\fmod_errors.h" />
    <ClInclude Include="include\fmod\fmod_output.h" />
    <ClInclude Include="src\AudioEngine.h" />
    <ClInclude Include="include\fmod\fmod_studio.h" />
    <ClInclude Include="include\fmod\fmod_studio.hpp" />
    <ClInclude Include="include\fmod\fmod_studio_common.h" />
  </ItemGroup>
  <ItemGroup>
    <Library Include="lib\glfw3.lib" />
    <Library Include="lib\fmod_vc.lib" />
    <Library Include="lib\fmodL_vc.lib" />
    <Library Include="lib\fmodstudio_vc.lib" />
    <Library Include="lib\fmodstudioL_vc.lib" />
  </ItemGroup>
  <ItemGroup>
    <None Include="lib\fmod.dll" />
    <None Include="lib\fmodL.dll" />
    <None Include="lib\fmodstudio.dll" />
    <None Include="lib\fmodstudioL.dll" />
    <None Include="include\fmod\fmod_studio.cs" />
    <None Include="res\Master.bank" />
  </ItemGroup>
</Project>