<?xml version="1.0" encoding="utf-8"?>
<Project ToolsVersion="4.0" xmlns="http://schemas.microsoft.com/developer/msbuild/2003">
  <ItemGroup>
    <ClCompile Include="include\glad\glad.c" />
    <ClCompile Include="src\Main.cpp" />
    <ClCompile Include="src\Game\Game.cpp" />
    <ClCompile Include="src\VatistaEngine\Audio\AudioEngine.cpp" />
    <ClCompile Include="src\VatistaEngine\Graphics\Camera.cpp" />
    <ClCompile Include="src\VatistaEngine\Graphics\Window.cpp" />
    <ClCompile Include="src\VatistaEngine\Objects\Characters\Character.cpp" />
    <ClCompile Include="src\VatistaEngine\Objects\Stationary\StationaryObj.cpp" />
    <ClCompile Include="src\VatistaEngine\Objects\UI\Stamina.cpp" />
    <ClCompile Include="src\VatistaEngine\Objects\GameObject.cpp" />
    <ClCompile Include="src\VatistaEngine\Post-Processing\FrameBuffer.cpp" />
    <ClCompile Include="src\VatistaEngine\Utilities\Log.cpp" />
    <ClCompile Include="src\VatistaEngine\Graphics\Rendering\Material.cpp" />
    <ClCompile Include="src\VatistaEngine\Graphics\Rendering\Mesh.cpp" />
    <ClCompile Include="src\VatistaEngine\Graphics\Rendering\Shader.cpp" />
    <ClCompile Include="src\VatistaEngine\Graphics\Rendering\Texture.cpp" />
    <ClCompile Include="src\VatistaEngine\Graphics\Rendering\Texture2D.cpp" />
    <ClCompile Include="src\VatistaEngine\Graphics\Rendering\TextureSampler.cpp" />
    <ClCompile Include="src\Game\TitleLayer.cpp" />
    <ClCompile Include="src\VatistaEngine\Objects\UI\Menu.cpp" />
    <ClCompile Include="src\VatistaEngine\Objects\UI\UIObject.cpp" />
    <ClCompile Include="src\VatistaEngine\Objects\Characters\Z3n.cpp" />
    <ClCompile Include="src\VatistaEngine\Objects\Characters\Tashia.cpp" />
  </ItemGroup>
  <ItemGroup>
    <ClInclude Include="include\glad\glad.h" />
    <ClInclude Include="include\GLFW\glfw3.h" />
    <ClInclude Include="include\GLFW\glfw3native.h" />
    <ClInclude Include="include\KHR\khrplatform.h" />
    <ClInclude Include="include\fmod\fmod.h" />
    <ClInclude Include="include\fmod\fmod.hpp" />
    <ClInclude Include="include\fmod\fmod_codec.h" />
    <ClInclude Include="include\fmod\fmod_common.h" />
    <ClInclude Include="include\fmod\fmod_dsp.h" />
    <ClInclude Include="include\fmod\fmod_dsp_effects.h" />
    <ClInclude Include="include\fmod\fmod_errors.h" />
    <ClInclude Include="include\fmod\fmod_output.h" />
    <ClInclude Include="include\fmod\fmod_studio.h" />
    <ClInclude Include="include\fmod\fmod_studio.hpp" />
    <ClInclude Include="include\fmod\fmod_studio_common.h" />
    <ClInclude Include="src\VatistaEngine\Audio\AudioEngine.h" />
    <ClInclude Include="src\VatistaEngine\Graphics\Camera.h" />
    <ClInclude Include="src\VatistaEngine\Graphics\Window.h" />
    <ClInclude Include="src\VatistaEngine\Objects\Characters\Character.h" />
    <ClInclude Include="src\VatistaEngine\Objects\Stationary\StationaryObj.h" />
    <ClInclude Include="src\VatistaEngine\Objects\UI\Stamina.h" />
    <ClInclude Include="src\VatistaEngine\Objects\UI\UIObject.h" />
    <ClInclude Include="src\VatistaEngine\Objects\GameObject.h" />
    <ClInclude Include="src\VatistaEngine\Post-Processing\FrameBuffer.h" />
    <ClInclude Include="src\VatistaEngine\Utilities\Log.h" />
    <ClInclude Include="src\VatistaEngine\Utilities\Utils.h" />
    <ClInclude Include="src\Game\Game.h" />
    <ClInclude Include="src\VatistaEngine\Utilities\EnumToString.h" />
    <ClInclude Include="src\VatistaEngine\Utilities\TextureEnums.h" />
    <ClInclude Include="src\Game\LoadingLayer.h" />
    <ClInclude Include="src\Game\TitleLayer.h" />
    <ClInclude Include="src\VatistaEngine\Graphics\Rendering\Material.h" />
    <ClInclude Include="src\VatistaEngine\Graphics\Rendering\Mesh.h" />
    <ClInclude Include="src\VatistaEngine\Graphics\Rendering\MeshRenderer.h" />
    <ClInclude Include="src\VatistaEngine\Graphics\Rendering\Shader.h" />
    <ClInclude Include="src\VatistaEngine\Graphics\Rendering\Texture.h" />
    <ClInclude Include="src\VatistaEngine\Graphics\Rendering\Texture2D.h" />
    <ClInclude Include="src\VatistaEngine\Graphics\Rendering\TextureSampler.h" />
    <ClInclude Include="src\VatistaEngine\Objects\UI\Button.h" />
    <ClInclude Include="src\VatistaEngine\Objects\UI\Menu.h" />
    <ClInclude Include="src\VatistaEngine\Utilities\FileReader.h" />
    <ClInclude Include="src\VatistaEngine\Objects\Characters\Z3n.h" />
    <ClInclude Include="src\VatistaEngine\Objects\Characters\Tashia.h" />
    <ClInclude Include="src\VatistaEngine\Graphics\Rendering\Light.h" />
  </ItemGroup>
  <ItemGroup>
    <Library Include="lib\glfw3.lib" />
    <Library Include="lib\fmod_vc.lib" />
    <Library Include="lib\fmodL_vc.lib" />
    <Library Include="lib\fmodstudio_vc.lib" />
    <Library Include="lib\fmodstudioL_vc.lib" />
  </ItemGroup>
  <ItemGroup>
    <None Include="lib\fmod.dll" />
    <None Include="lib\fmodL.dll" />
    <None Include="lib\fmodstudio.dll" />
    <None Include="lib\fmodstudioL.dll" />
    <None Include="include\fmod\fmod_studio.cs" />
    <None Include="res\Master.bank" />
    <None Include="res\Shaders\Post-Processing\invert.fs.glsl" />
    <None Include="res\Shaders\Post-Processing\hdr.fs.glsl" />
    <None Include="res\Shaders\Post-Processing\gaussianblur.fs.glsl" />
    <None Include="res\Shaders\Post-Processing\additive.fs.glsl" />
  </ItemGroup>
  <ItemGroup>
    <None Include="res\StaminaBar.vs.glsl" />
    <None Include="res\StaminaBar.fs.glsl" />
  </ItemGroup>
</Project>